// !$*UTF8*$!
{
	archiveVersion = 1;
	classes = {
	};
	objectVersion = 46;
	objects = {

/* Begin PBXBuildFile section */
		7131DC3D1C8BBEC7006FF9CF /* main.c in Sources */ = {isa = PBXBuildFile; fileRef = 7131DC3C1C8BBEC7006FF9CF /* main.c */; };
/* End PBXBuildFile section */

/* Begin PBXCopyFilesBuildPhase section */
		7131DC371C8BBEC7006FF9CF /* CopyFiles */ = {
			isa = PBXCopyFilesBuildPhase;
			buildActionMask = 2147483647;
			dstPath = /usr/share/man/man1/;
			dstSubfolderSpec = 0;
			files = (
			);
			runOnlyForDeploymentPostprocessing = 1;
		};
/* End PBXCopyFilesBuildPhase section */

/* Begin PBXFileReference section */
		7131DC391C8BBEC7006FF9CF /* Stack_StaticArray */ = {isa = PBXFileReference; explicitFileType = "compiled.mach-o.executable"; includeInIndex = 0; path = Stack_StaticArray; sourceTree = BUILT_PRODUCTS_DIR; };
		7131DC3C1C8BBEC7006FF9CF /* main.c */ = {isa = PBXFileReference; lastKnownFileType = sourcecode.c.c; path = main.c; sourceTree = "<group>"; };
		7131DC431C8BBEFC006FF9CF /* StackFunction.h */ = {isa = PBXFileReference; lastKnownFileType = sourcecode.c.h; path = StackFunction.h; sourceTree = "<group>"; };
/* End PBXFileReference section */

/* Begin PBXFrameworksBuildPhase section */
		7131DC361C8BBEC7006FF9CF /* Frameworks */ = {
			isa = PBXFrameworksBuildPhase;
			buildActionMask = 2147483647;
			files = (
			);
			runOnlyForDeploymentPostprocessing = 0;
		};
/* End PBXFrameworksBuildPhase section */

/* Begin PBXGroup section */
		7131DC301C8BBEC7006FF9CF = {
			isa = PBXGroup;
			children = (
				7131DC3B1C8BBEC7006FF9CF /* Stack_StaticArray */,
				7131DC3A1C8BBEC7006FF9CF /* Products */,
			);
			sourceTree = "<group>";
		};
		7131DC3A1C8BBEC7006FF9CF /* Products */ = {
			isa = PBXGroup;
			children = (
				7131DC391C8BBEC7006FF9CF /* Stack_StaticArray */,
			);
			name = Products;
			sourceTree = "<group>";
		};
		7131DC3B1C8BBEC7006FF9CF /* Stack_StaticArray */ = {
			isa = PBXGroup;
			children = (
				7131DC3C1C8BBEC7006FF9CF /* main.c */,
				7131DC431C8BBEFC006FF9CF /* StackFunction.h */,
			);
			path = Stack_StaticArray;
			sourceTree = "<group>";
		};
/* End PBXGroup section */

/* Begin PBXNativeTarget section */
		7131DC381C8BBEC7006FF9CF /* Stack_StaticArray */ = {
			isa = PBXNativeTarget;
			buildConfigurationList = 7131DC401C8BBEC7006FF9CF /* Build configuration list for PBXNativeTarget "Stack_StaticArray" */;
			buildPhases = (
				7131DC351C8BBEC7006FF9CF /* Sources */,
				7131DC361C8BBEC7006FF9CF /* Frameworks */,
				7131DC371C8BBEC7006FF9CF /* CopyFiles */,
			);
			buildRules = (
			);
			dependencies = (
			);
			name = Stack_StaticArray;
			productName = Stack_StaticArray;
			productReference = 7131DC391C8BBEC7006FF9CF /* Stack_StaticArray */;
			productType = "com.apple.product-type.tool";
		};
/* End PBXNativeTarget section */

/* Begin PBXProject section */
		7131DC311C8BBEC7006FF9CF /* Project object */ = {
			isa = PBXProject;
			attributes = {
				LastUpgradeCheck = 0720;
				ORGANIZATIONNAME = chenyufengweb;
				TargetAttributes = {
					7131DC381C8BBEC7006FF9CF = {
						CreatedOnToolsVersion = 7.2;
					};
				};
			};
			buildConfigurationList = 7131DC341C8BBEC7006FF9CF /* Build configuration list for PBXProject "Stack_StaticArray" */;
			compatibilityVersion = "Xcode 3.2";
			developmentRegion = English;
			hasScannedForEncodings = 0;
			knownRegions = (
				en,
			);
			mainGroup = 7131DC301C8BBEC7006FF9CF;
			productRefGroup = 7131DC3A1C8BBEC7006FF9CF /* Products */;
			projectDirPath = "";
			projectRoot = "";
			targets = (
				7131DC381C8BBEC7006FF9CF /* Stack_StaticArray */,
			);
		};
/* End PBXProject section */

/* Begin PBXSourcesBuildPhase section */
		7131DC351C8BBEC7006FF9CF /* Sources */ = {
			isa = PBXSourcesBuildPhase;
			buildActionMask = 2147483647;
			files = (
				7131DC3D1C8BBEC7006FF9CF /* main.c in Sources */,
			);
			runOnlyForDeploymentPostprocessing = 0;
		};
/* End PBXSourcesBuildPhase section */

/* Begin XCBuildConfiguration section */
		7131DC3E1C8BBEC7006FF9CF /* Debug */ = {
			isa = XCBuildConfiguration;
			buildSettings = {
				ALWAYS_SEARCH_USER_PATHS = NO;
				CLANG_CXX_LANGUAGE_STANDARD = "gnu++0x";
				CLANG_CXX_LIBRARY = "libc++";
				CLANG_ENABLE_MODULES = YES;
				CLANG_ENABLE_OBJC_ARC = YES;
				CLANG_WARN_BOOL_CONVERSION = YES;
				CLANG_WARN_CONSTANT_CONVERSION = YES;
				CLANG_WARN_DIRECT_OBJC_ISA_USAGE = YES_ERROR;
				CLANG_WARN_EMPTY_BODY = YES;
				CLANG_WARN_ENUM_CONVERSION = YES;
				CLANG_WARN_INT_CONVERSION = YES;
				CLANG_WARN_OBJC_ROOT_CLASS = YES_ERROR;
				CLANG_WARN_UNREACHABLE_CODE = YES;
				CLANG_WARN__DUPLICATE_METHOD_MATCH = YES;
				CODE_SIGN_IDENTITY = "-";
				COPY_PHASE_STRIP = NO;
				DEBUG_INFORMATION_FORMAT = dwarf;
				ENABLE_STRICT_OBJC_MSGSEND = YES;
				ENABLE_TESTABILITY = YES;
				GCC_C_LANGUAGE_STANDARD = gnu99;
				GCC_DYNAMIC_NO_PIC = NO;
				GCC_NO_COMMON_BLOCKS = YES;
				GCC_OPTIMIZATION_LEVEL = 0;
				GCC_PREPROCESSOR_DEFINITIONS = (
					"DEBUG=1",
					"$(inherited)",
				);
				GCC_WARN_64_TO_32_BIT_CONVERSION = YES;
				GCC_WARN_ABOUT_RETURN_TYPE = YES_ERROR;
				GCC_WARN_UNDECLARED_SELECTOR = YES;
				GCC_WARN_UNINITIALIZED_AUTOS = YES_AGGRESSIVE;
				GCC_WARN_UNUSED_FUNCTION = YES;
				GCC_WARN_UNUSED_VARIABLE = YES;
				MACOSX_DEPLOYMENT_TARGET = 10.11;
				MTL_ENABLE_DEBUG_INFO = YES;
				ONLY_ACTIVE_ARCH = YES;
				SDKROOT = macosx;
			};
			name = Debug;
		};
		7131DC3F1C8BBEC7006FF9CF /* Release */ = {
			isa = XCBuildConfiguration;
			buildSettings = {
				ALWAYS_SEARCH_USER_PATHS = NO;
				CLANG_CXX_LANGUAGE_STANDARD = "gnu++0x";
				CLANG_CXX_LIBRARY = "libc++";
				CLANG_ENABLE_MODULES = YES;
				CLANG_ENABLE_OBJC_ARC = YES;
				CLANG_WARN_BOOL_CONVERSION = YES;
				CLANG_WARN_CONSTANT_CONVERSION = YES;
				CLANG_WARN_DIRECT_OBJC_ISA_USAGE = YES_ERROR;
				CLANG_WARN_EMPTY_BODY = YES;
				CLANG_WARN_ENUM_CONVERSION = YES;
				CLANG_WARN_INT_CONVERSION = YES;
				CLANG_WARN_OBJC_ROOT_CLASS = YES_ERROR;
				CLANG_WARN_UNREACHABLE_CODE = YES;
				CLANG_WARN__DUPLICATE_METHOD_MATCH = YES;
				CODE_SIGN_IDENTITY = "-";
				COPY_PHASE_STRIP = NO;
				DEBUG_INFORMATION_FORMAT = "dwarf-with-dsym";
				ENABLE_NS_ASSERTIONS = NO;
				ENABLE_STRICT_OBJC_MSGSEND = YES;
				GCC_C_LANGUAGE_STANDARD = gnu99;
				GCC_NO_COMMON_BLOCKS = YES;
				GCC_WARN_64_TO_32_BIT_CONVERSION = YES;
				GCC_WARN_ABOUT_RETURN_TYPE = YES_ERROR;
				GCC_WARN_UNDECLARED_SELECTOR = YES;
				GCC_WARN_UNINITIALIZED_AUTOS = YES_AGGRESSIVE;
				GCC_WARN_UNUSED_FUNCTION = YES;
				GCC_WARN_UNUSED_VARIABLE = YES;
				MACOSX_DEPLOYMENT_TARGET = 10.11;
				MTL_ENABLE_DEBUG_INFO = NO;
				SDKROOT = macosx;
			};
			name = Release;
		};
		7131DC411C8BBEC7006FF9CF /* Debug */ = {
			isa = XCBuildConfiguration;
			buildSettings = {
				PRODUCT_NAME = "$(TARGET_NAME)";
			};
			name = Debug;
		};
		7131DC421C8BBEC7006FF9CF /* Release */ = {
			isa = XCBuildConfiguration;
			buildSettings = {
				PRODUCT_NAME = "$(TARGET_NAME)";
			};
			name = Release;
		};
/* End XCBuildConfiguration section */

/* Begin XCConfigurationList section */
		7131DC341C8BBEC7006FF9CF /* Build configuration list for PBXProject "Stack_StaticArray" */ = {
			isa = XCConfigurationList;
			buildConfigurations = (
				7131DC3E1C8BBEC7006FF9CF /* Debug */,
				7131DC3F1C8BBEC7006FF9CF /* Release */,
			);
			defaultConfigurationIsVisible = 0;
			defaultConfigurationName = Release;
		};
		7131DC401C8BBEC7006FF9CF /* Build configuration list for PBXNativeTarget "Stack_StaticArray" */ = {
			isa = XCConfigurationList;
			buildConfigurations = (
				7131DC411C8BBEC7006FF9CF /* Debug */,
				7131DC421C8BBEC7006FF9CF /* Release */,
			);
			defaultConfigurationIsVisible = 0;
		};
/* End XCConfigurationList section */
	};
	rootObject = 7131DC311C8BBEC7006FF9CF /* Project object */;
}
